
Microsoft Visual Studio Solution File, Format Version 12.00
# Visual Studio 15
VisualStudioVersion = 15.0.28307.572
MinimumVisualStudioVersion = 10.0.40219.1
Project("{FAE04EC0-301F-11D3-BF4B-00C04F79EFBC}") = "HardwareSpoofer", "HardwareSpoofer\HardwareSpoofer.csproj", "{70640E9D-D29A-460D-920E-E13392B5D713}"
EndProject
Global
	GlobalSection(SolutionConfigurationPlatforms) = preSolution
		Debug|Any CPU = Debug|Any CPU
		Release|Any CPU = Release|Any CPU
	EndGlobalSection
	GlobalSection(ProjectConfigurationPlatforms) = postSolution
		{70640E9D-D29A-460D-920E-E13392B5D713}.Debug|Any CPU.ActiveCfg = Debug|Any CPU
		{70640E9D-D29A-460D-920E-E13392B5D713}.Debug|Any CPU.Build.0 = Debug|Any CPU
		{70640E9D-D29A-460D-920E-E13392B5D713}.Release|Any CPU.ActiveCfg = Release|Any CPU
		{70640E9D-D29A-460D-920E-E13392B5D713}.Release|Any CPU.Build.0 = Release|Any CPU
	EndGlobalSection
	GlobalSection(SolutionProperties) = preSolution
		HideSolutionNode = FALSE
	EndGlobalSection
	GlobalSection(ExtensibilityGlobals) = postSolution
		SolutionGuid = {B469D097-28A2-409F-BF17-52BBA2898CA5}
	EndGlobalSection
EndGlobal
